
Microsoft Visual Studio Solution File, Format Version 12.00
# Visual Studio 14
VisualStudioVersion = 14.0.25420.1
MinimumVisualStudioVersion = 10.0.40219.1
Project("{2150E333-8FDC-42A3-9474-1A3956D46DE8}") = "src", "src", "{AD4F4C5B-21CF-4953-9A14-D5BF8EAF5D37}"
EndProject
Project("{2150E333-8FDC-42A3-9474-1A3956D46DE8}") = "Solution Items", "Solution Items", "{ADD85F7A-C862-47EA-AC33-36A9AF37C051}"
	ProjectSection(SolutionItems) = preProject
		global.json = global.json
		WebEssentials2015-Settings.json = WebEssentials2015-Settings.json
	EndProjectSection
EndProject
Project("{8BB2217D-0F2D-49D1-97BC-3654ED321F3B}") = "Core1", "src\Core1\Core1.xproj", "{959A8D8F-A74E-450F-89D2-DF22298AD10F}"
EndProject
Global
	GlobalSection(SolutionConfigurationPlatforms) = preSolution
		Debug|Any CPU = Debug|Any CPU
		Release|Any CPU = Release|Any CPU
	EndGlobalSection
	GlobalSection(ProjectConfigurationPlatforms) = postSolution
		{959A8D8F-A74E-450F-89D2-DF22298AD10F}.Debug|Any CPU.ActiveCfg = Debug|Any CPU
		{959A8D8F-A74E-450F-89D2-DF22298AD10F}.Debug|Any CPU.Build.0 = Debug|Any CPU
		{959A8D8F-A74E-450F-89D2-DF22298AD10F}.Release|Any CPU.ActiveCfg = Release|Any CPU
		{959A8D8F-A74E-450F-89D2-DF22298AD10F}.Release|Any CPU.Build.0 = Release|Any CPU
	EndGlobalSection
	GlobalSection(SolutionProperties) = preSolution
		HideSolutionNode = FALSE
	EndGlobalSection
	GlobalSection(NestedProjects) = preSolution
		{959A8D8F-A74E-450F-89D2-DF22298AD10F} = {AD4F4C5B-21CF-4953-9A14-D5BF8EAF5D37}
	EndGlobalSection
EndGlobal
